
Microsoft Visual Studio Solution File, Format Version 12.00
# Visual Studio Version 17
VisualStudioVersion = 17.5.33424.131
MinimumVisualStudioVersion = 10.0.40219.1
Project("{FAE04EC0-301F-11D3-BF4B-00C04F79EFBC}") = "Ch05", "C#10\Ch05.csproj", "{712F4582-DE92-46B0-9DB2-40DF833C0FEA}"
EndProject
Project("{FAE04EC0-301F-11D3-BF4B-00C04F79EFBC}") = "Ch06", "Ch06\Ch06.csproj", "{4FE37C76-696E-426F-A1D7-76DF7208174E}"
EndProject
Global
	GlobalSection(SolutionConfigurationPlatforms) = preSolution
		Debug|Any CPU = Debug|Any CPU
		Release|Any CPU = Release|Any CPU
	EndGlobalSection
	GlobalSection(ProjectConfigurationPlatforms) = postSolution
		{712F4582-DE92-46B0-9DB2-40DF833C0FEA}.Debug|Any CPU.ActiveCfg = Debug|Any CPU
		{712F4582-DE92-46B0-9DB2-40DF833C0FEA}.Debug|Any CPU.Build.0 = Debug|Any CPU
		{712F4582-DE92-46B0-9DB2-40DF833C0FEA}.Release|Any CPU.ActiveCfg = Release|Any CPU
		{712F4582-DE92-46B0-9DB2-40DF833C0FEA}.Release|Any CPU.Build.0 = Release|Any CPU
		{4FE37C76-696E-426F-A1D7-76DF7208174E}.Debug|Any CPU.ActiveCfg = Debug|Any CPU
		{4FE37C76-696E-426F-A1D7-76DF7208174E}.Debug|Any CPU.Build.0 = Debug|Any CPU
		{4FE37C76-696E-426F-A1D7-76DF7208174E}.Release|Any CPU.ActiveCfg = Release|Any CPU
		{4FE37C76-696E-426F-A1D7-76DF7208174E}.Release|Any CPU.Build.0 = Release|Any CPU
	EndGlobalSection
	GlobalSection(SolutionProperties) = preSolution
		HideSolutionNode = FALSE
	EndGlobalSection
	GlobalSection(ExtensibilityGlobals) = postSolution
		SolutionGuid = {22BB7987-B6CC-4D2B-BB80-51A6D2A21FE4}
	EndGlobalSection
EndGlobal
