
Microsoft Visual Studio Solution File, Format Version 12.00
# Visual Studio Version 17
VisualStudioVersion = 17.5.33424.131
MinimumVisualStudioVersion = 10.0.40219.1
Project("{FAE04EC0-301F-11D3-BF4B-00C04F79EFBC}") = "AwaitAsync", "AwaitAsync.csproj", "{871EEFB6-085D-479B-B329-441112D93CB7}"
EndProject
Project("{FAE04EC0-301F-11D3-BF4B-00C04F79EFBC}") = "ExProcessConmmand", "ExProcessConmmand\ExProcessConmmand.csproj", "{2174CFB3-0A83-4280-9F8D-D8AB1B2D3CBB}"
EndProject
Project("{FAE04EC0-301F-11D3-BF4B-00C04F79EFBC}") = "ExNlog", "..\ExNlog\ExNlog.csproj", "{E7EA7BDC-58E1-495A-B84E-9312FB96B969}"
EndProject
Project("{FAE04EC0-301F-11D3-BF4B-00C04F79EFBC}") = "ExException", "ExException\ExException.csproj", "{75CC08F3-C9EE-4178-ABE1-745E5DF2F945}"
EndProject
Global
	GlobalSection(SolutionConfigurationPlatforms) = preSolution
		Debug|Any CPU = Debug|Any CPU
		Debug|x64 = Debug|x64
		Release|Any CPU = Release|Any CPU
		Release|x64 = Release|x64
	EndGlobalSection
	GlobalSection(ProjectConfigurationPlatforms) = postSolution
		{871EEFB6-085D-479B-B329-441112D93CB7}.Debug|Any CPU.ActiveCfg = Debug|Any CPU
		{871EEFB6-085D-479B-B329-441112D93CB7}.Debug|Any CPU.Build.0 = Debug|Any CPU
		{871EEFB6-085D-479B-B329-441112D93CB7}.Debug|x64.ActiveCfg = Debug|Any CPU
		{871EEFB6-085D-479B-B329-441112D93CB7}.Debug|x64.Build.0 = Debug|Any CPU
		{871EEFB6-085D-479B-B329-441112D93CB7}.Release|Any CPU.ActiveCfg = Release|Any CPU
		{871EEFB6-085D-479B-B329-441112D93CB7}.Release|Any CPU.Build.0 = Release|Any CPU
		{871EEFB6-085D-479B-B329-441112D93CB7}.Release|x64.ActiveCfg = Release|Any CPU
		{871EEFB6-085D-479B-B329-441112D93CB7}.Release|x64.Build.0 = Release|Any CPU
		{2174CFB3-0A83-4280-9F8D-D8AB1B2D3CBB}.Debug|Any CPU.ActiveCfg = Debug|Any CPU
		{2174CFB3-0A83-4280-9F8D-D8AB1B2D3CBB}.Debug|Any CPU.Build.0 = Debug|Any CPU
		{2174CFB3-0A83-4280-9F8D-D8AB1B2D3CBB}.Debug|x64.ActiveCfg = Debug|x64
		{2174CFB3-0A83-4280-9F8D-D8AB1B2D3CBB}.Debug|x64.Build.0 = Debug|x64
		{2174CFB3-0A83-4280-9F8D-D8AB1B2D3CBB}.Release|Any CPU.ActiveCfg = Release|Any CPU
		{2174CFB3-0A83-4280-9F8D-D8AB1B2D3CBB}.Release|Any CPU.Build.0 = Release|Any CPU
		{2174CFB3-0A83-4280-9F8D-D8AB1B2D3CBB}.Release|x64.ActiveCfg = Release|x64
		{2174CFB3-0A83-4280-9F8D-D8AB1B2D3CBB}.Release|x64.Build.0 = Release|x64
		{E7EA7BDC-58E1-495A-B84E-9312FB96B969}.Debug|Any CPU.ActiveCfg = Debug|Any CPU
		{E7EA7BDC-58E1-495A-B84E-9312FB96B969}.Debug|Any CPU.Build.0 = Debug|Any CPU
		{E7EA7BDC-58E1-495A-B84E-9312FB96B969}.Debug|x64.ActiveCfg = Debug|Any CPU
		{E7EA7BDC-58E1-495A-B84E-9312FB96B969}.Debug|x64.Build.0 = Debug|Any CPU
		{E7EA7BDC-58E1-495A-B84E-9312FB96B969}.Release|Any CPU.ActiveCfg = Release|Any CPU
		{E7EA7BDC-58E1-495A-B84E-9312FB96B969}.Release|Any CPU.Build.0 = Release|Any CPU
		{E7EA7BDC-58E1-495A-B84E-9312FB96B969}.Release|x64.ActiveCfg = Release|Any CPU
		{E7EA7BDC-58E1-495A-B84E-9312FB96B969}.Release|x64.Build.0 = Release|Any CPU
		{75CC08F3-C9EE-4178-ABE1-745E5DF2F945}.Debug|Any CPU.ActiveCfg = Debug|Any CPU
		{75CC08F3-C9EE-4178-ABE1-745E5DF2F945}.Debug|Any CPU.Build.0 = Debug|Any CPU
		{75CC08F3-C9EE-4178-ABE1-745E5DF2F945}.Debug|x64.ActiveCfg = Debug|Any CPU
		{75CC08F3-C9EE-4178-ABE1-745E5DF2F945}.Debug|x64.Build.0 = Debug|Any CPU
		{75CC08F3-C9EE-4178-ABE1-745E5DF2F945}.Release|Any CPU.ActiveCfg = Release|Any CPU
		{75CC08F3-C9EE-4178-ABE1-745E5DF2F945}.Release|Any CPU.Build.0 = Release|Any CPU
		{75CC08F3-C9EE-4178-ABE1-745E5DF2F945}.Release|x64.ActiveCfg = Release|Any CPU
		{75CC08F3-C9EE-4178-ABE1-745E5DF2F945}.Release|x64.Build.0 = Release|Any CPU
	EndGlobalSection
	GlobalSection(SolutionProperties) = preSolution
		HideSolutionNode = FALSE
	EndGlobalSection
	GlobalSection(ExtensibilityGlobals) = postSolution
		SolutionGuid = {E2AD63E8-7538-4290-88F1-7660F698AB13}
	EndGlobalSection
EndGlobal
