
Microsoft Visual Studio Solution File, Format Version 12.00
# Visual Studio Version 17
VisualStudioVersion = 17.5.33424.131
MinimumVisualStudioVersion = 10.0.40219.1
Project("{FAE04EC0-301F-11D3-BF4B-00C04F79EFBC}") = "FileLog", "FileLog\FileLog.csproj", "{81079DE5-3336-499E-92F1-2A79FB6CDCF3}"
EndProject
Global
	GlobalSection(SolutionConfigurationPlatforms) = preSolution
		Debug|Any CPU = Debug|Any CPU
		Release|Any CPU = Release|Any CPU
	EndGlobalSection
	GlobalSection(ProjectConfigurationPlatforms) = postSolution
		{81079DE5-3336-499E-92F1-2A79FB6CDCF3}.Debug|Any CPU.ActiveCfg = Debug|Any CPU
		{81079DE5-3336-499E-92F1-2A79FB6CDCF3}.Debug|Any CPU.Build.0 = Debug|Any CPU
		{81079DE5-3336-499E-92F1-2A79FB6CDCF3}.Release|Any CPU.ActiveCfg = Release|Any CPU
		{81079DE5-3336-499E-92F1-2A79FB6CDCF3}.Release|Any CPU.Build.0 = Release|Any CPU
	EndGlobalSection
	GlobalSection(SolutionProperties) = preSolution
		HideSolutionNode = FALSE
	EndGlobalSection
	GlobalSection(ExtensibilityGlobals) = postSolution
		SolutionGuid = {2E39D85E-975D-4EB4-9360-C9DEDC7B5B70}
	EndGlobalSection
EndGlobal
