
Microsoft Visual Studio Solution File, Format Version 12.00
# Visual Studio Version 17
VisualStudioVersion = 17.0.32014.148
MinimumVisualStudioVersion = 10.0.40219.1
Project("{FAE04EC0-301F-11D3-BF4B-00C04F79EFBC}") = "CsharpInDepth", "CsharpInDepth\CsharpInDepth.csproj", "{5357F692-71AF-4BFE-BF03-9C73504C02AA}"
EndProject
Global
	GlobalSection(SolutionConfigurationPlatforms) = preSolution
		Debug|Any CPU = Debug|Any CPU
		Release|Any CPU = Release|Any CPU
	EndGlobalSection
	GlobalSection(ProjectConfigurationPlatforms) = postSolution
		{5357F692-71AF-4BFE-BF03-9C73504C02AA}.Debug|Any CPU.ActiveCfg = Debug|Any CPU
		{5357F692-71AF-4BFE-BF03-9C73504C02AA}.Debug|Any CPU.Build.0 = Debug|Any CPU
		{5357F692-71AF-4BFE-BF03-9C73504C02AA}.Release|Any CPU.ActiveCfg = Release|Any CPU
		{5357F692-71AF-4BFE-BF03-9C73504C02AA}.Release|Any CPU.Build.0 = Release|Any CPU
	EndGlobalSection
	GlobalSection(SolutionProperties) = preSolution
		HideSolutionNode = FALSE
	EndGlobalSection
	GlobalSection(ExtensibilityGlobals) = postSolution
		SolutionGuid = {22F981CB-C90C-40D2-94D2-B9C0CFFDC33F}
	EndGlobalSection
EndGlobal
